skills:
  expressive-code-core-skilld:
    packageName: "@expressive-code/core"
    version: 0.41.7
    repo: expressive-code/expressive-code
    source: "https://github.com/expressive-code/expressive-code/tree/main/docs"
    syncedAt: 2026-05-06
    generator: skilld
  hastscript-skilld:
    packageName: hastscript
    version: 9.0.1
    repo: syntax-tree/hastscript
    source: "https://unifiedjs.com/**"
    syncedAt: 2026-05-06
    generator: skilld
  unist-util-visit-skilld:
    packageName: unist-util-visit
    version: 5.1.0
    repo: syntax-tree/unist-util-visit
    source: "https://unifiedjs.com/**"
    syncedAt: 2026-05-06
    generator: skilld
  astrojs-svelte-skilld:
    packageName: "@astrojs/svelte"
    version: 8.0.3
    repo: withastro/astro
    source: "https://github.com/withastro/astro/tree/main/docs"
    syncedAt: 2026-05-06
    generator: skilld
  astro-skilld:
    packageName: astro
    version: 6.0.8
    repo: withastro/astro
    source: "https://github.com/withastro/astro/tree/main/docs"
    syncedAt: 2026-05-06
    generator: skilld
  mdast-util-to-string-skilld:
    packageName: mdast-util-to-string
    version: 4.0.0
    repo: syntax-tree/mdast-util-to-string
    source: "https://unifiedjs.com/**"
    syncedAt: 2026-05-06
    generator: skilld
  astrojs-rss-skilld:
    packageName: "@astrojs/rss"
    version: 4.0.17
    repo: withastro/astro
    source: "https://github.com/withastro/astro/tree/main/docs"
    syncedAt: 2026-05-06
    generator: skilld
  astrojs-sitemap-skilld:
    packageName: "@astrojs/sitemap"
    version: 3.7.1
    repo: withastro/astro
    source: "https://github.com/withastro/astro/tree/main/docs"
    syncedAt: 2026-05-06
    generator: skilld
  astrojs-mdx-skilld:
    packageName: "@astrojs/mdx"
    version: 5.0.2
    repo: withastro/astro
    source: "https://github.com/withastro/astro/tree/main/docs"
    syncedAt: 2026-05-06
    generator: skilld
  swup-preload-plugin-skilld:
    packageName: "@swup/preload-plugin"
    version: 3.2.11
    repo: swup/preload-plugin
    source: "https://swup.js.org/plugins/preload-plugin/**"
    syncedAt: 2026-05-06
    generator: skilld
  tailwindcss-vite-skilld:
    packageName: "@tailwindcss/vite"
    version: 4.2.2
    repo: tailwindlabs/tailwindcss
    source: "https://tailwindcss.com/**"
    syncedAt: 2026-05-06
    generator: skilld
  expressive-code-plugin-line-numbers-skilld:
    packageName: "@expressive-code/plugin-line-numbers"
    version: 0.41.7
    repo: expressive-code/expressive-code
    source: "https://github.com/expressive-code/expressive-code/tree/main/docs"
    syncedAt: 2026-05-06
    generator: skilld
  expressive-code-plugin-collapsible-sections-skilld:
    packageName: "@expressive-code/plugin-collapsible-sections"
    version: 0.41.7
    repo: expressive-code/expressive-code
    source: "https://github.com/expressive-code/expressive-code/tree/main/docs"
    syncedAt: 2026-05-06
    generator: skilld
  astro-expressive-code-skilld:
    packageName: astro-expressive-code
    version: 0.41.7
    repo: expressive-code/expressive-code
    source: "https://github.com/expressive-code/expressive-code/tree/astro-expressive-code@0.41.7/docs"
    syncedAt: 2026-05-06
    generator: skilld
  iconify-svelte-skilld:
    packageName: "@iconify/svelte"
    version: 5.2.1
    repo: iconify/iconify
    source: "https://iconify.design/**"
    syncedAt: 2026-05-06
    generator: skilld
  astro-icon-skilld:
    packageName: astro-icon
    version: 1.1.5
    repo: natemoo-re/astro-icon
    source: "https://github.com/natemoo-re/astro-icon/tree/astro-icon@1.1.5/docs"
    syncedAt: 2026-05-06
    generator: skilld
  astro-llms-generate-skilld:
    packageName: astro-llms-generate
    version: 1.3.3
    repo: nermalcat69/astro-llms
    source: "ungh://nermalcat69/astro-llms"
    syncedAt: 2026-05-06
    generator: skilld
  astro-indexnow-skilld:
    packageName: astro-indexnow
    version: 1.0.1
    repo: velohost/astro-indexnow
    source: "https://velohost.co.uk/astro-indexnow/**"
    syncedAt: 2026-05-06
    generator: skilld
  astro-mail-obfuscation-skilld:
    packageName: astro-mail-obfuscation
    version: 2.3.4
    repo: andreas-brunner/astro-mail-obfuscation
    source: "ungh://andreas-brunner/astro-mail-obfuscation"
    syncedAt: 2026-05-06
    generator: skilld
  astro-pagefind-skilld:
    packageName: astro-pagefind
    version: 1.8.6
    repo: shishkin/astro-pagefind
    source: "ungh://shishkin/astro-pagefind"
    syncedAt: 2026-05-06
    generator: skilld
  astro-robots-txt-skilld:
    packageName: astro-robots-txt
    version: 1.0.0
    repo: alextim/astro-lib
    source: "ungh://alextim/astro-lib/packages/astro-robots-txt"
    syncedAt: 2026-05-06
    generator: skilld
  markdown-it-skilld:
    packageName: markdown-it
    version: 14.1.1
    repo: markdown-it/markdown-it
    source: "https://github.com/markdown-it/markdown-it/tree/14.1.1/docs"
    syncedAt: 2026-05-06
    generator: skilld
  rehype-components-skilld:
    packageName: rehype-components
    version: 0.3.0
    repo: marekweb/rehype-components
    source: "ungh://marekweb/rehype-components"
    syncedAt: 2026-05-06
    generator: skilld
  reading-time-skilld:
    packageName: reading-time
    version: 1.5.0
    repo: ngryman/reading-time
    source: "https://ngryman.sh/llms.txt"
    syncedAt: 2026-05-06
    generator: skilld
  rehype-slug-skilld:
    packageName: rehype-slug
    version: 6.0.0
    repo: rehypejs/rehype-slug
    source: "ungh://rehypejs/rehype-slug"
    syncedAt: 2026-05-06
    generator: skilld
  remark-directive-skilld:
    packageName: remark-directive
    version: 4.0.0
    repo: remarkjs/remark-directive
    source: "ungh://remarkjs/remark-directive"
    syncedAt: 2026-05-06
    generator: skilld
  remark-github-admonitions-to-directives-skilld:
    packageName: remark-github-admonitions-to-directives
    version: 2.1.0
    repo: incentro-dc/remark-github-admonitions-to-directives
    source: "ungh://incentro-dc/remark-github-admonitions-to-directives"
    syncedAt: 2026-05-06
    generator: skilld
  rehype-katex-skilld:
    packageName: rehype-katex
    version: 7.0.1
    repo: remarkjs/remark-math
    source: "https://remark.js.org/**"
    syncedAt: 2026-05-06
    generator: skilld
  rehype-autolink-headings-skilld:
    packageName: rehype-autolink-headings
    version: 7.1.0
    repo: rehypejs/rehype-autolink-headings
    source: "https://unifiedjs.com/**"
    syncedAt: 2026-05-06
    generator: skilld
  remark-sectionize-skilld:
    packageName: remark-sectionize
    version: 2.1.0
    repo: jake-low/remark-sectionize
    source: "ungh://jake-low/remark-sectionize"
    syncedAt: 2026-05-06
    generator: skilld
  smol-toml-skilld:
    packageName: smol-toml
    version: 1.6.1
    repo: squirrelchat/smol-toml
    source: "ungh://squirrelchat/smol-toml"
    syncedAt: 2026-05-06
    generator: skilld
  remark-math-skilld:
    packageName: remark-math
    version: 6.0.0
    repo: remarkjs/remark-math
    source: "https://remark.js.org/**"
    syncedAt: 2026-05-06
    generator: skilld
  swup-skilld:
    packageName: swup
    version: 4.8.3
    repo: swup/swup
    source: "https://swup.js.org/**"
    syncedAt: 2026-05-06
    generator: skilld
  sanitize-html-skilld:
    packageName: sanitize-html
    version: 2.17.2
    repo: apostrophecms/apostrophe
    source: "https://apostrophecms.com/**"
    syncedAt: 2026-05-06
    generator: skilld
